// !$*UTF8*$!
{
	archiveVersion = 1;
	classes = {
	};
	objectVersion = 50;
	objects = {

/* Begin PBXBuildFile section */
		65706650272A249300E04E38 /* AppDelegate.swift in Sources */ = {isa = PBXBuildFile; fileRef = 6570664F272A249300E04E38 /* AppDelegate.swift */; };
		65706652272A249300E04E38 /* SceneDelegate.swift in Sources */ = {isa = PBXBuildFile; fileRef = 65706651272A249300E04E38 /* SceneDelegate.swift */; };
		65706654272A249300E04E38 /* ViewController.swift in Sources */ = {isa = PBXBuildFile; fileRef = 65706653272A249300E04E38 /* ViewController.swift */; };
		65706657272A249300E04E38 /* Main.storyboard in Resources */ = {isa = PBXBuildFile; fileRef = 65706655272A249300E04E38 /* Main.storyboard */; };
		65706659272A249400E04E38 /* Assets.xcassets in Resources */ = {isa = PBXBuildFile; fileRef = 65706658272A249400E04E38 /* Assets.xcassets */; };
		6570665C272A249400E04E38 /* LaunchScreen.storyboard in Resources */ = {isa = PBXBuildFile; fileRef = 6570665A272A249400E04E38 /* LaunchScreen.storyboard */; };
		65706667272A249500E04E38 /* Evidencia2Tests.swift in Sources */ = {isa = PBXBuildFile; fileRef = 65706666272A249500E04E38 /* Evidencia2Tests.swift */; };
		65706672272A249500E04E38 /* Evidencia2UITests.swift in Sources */ = {isa = PBXBuildFile; fileRef = 65706671272A249500E04E38 /* Evidencia2UITests.swift */; };
/* End PBXBuildFile section */

/* Begin PBXContainerItemProxy section */
		65706663272A249500E04E38 /* PBXContainerItemProxy */ = {
			isa = PBXContainerItemProxy;
			containerPortal = 65706644272A249300E04E38 /* Project object */;
			proxyType = 1;
			remoteGlobalIDString = 6570664B272A249300E04E38;
			remoteInfo = Evidencia2;
		};
		6570666E272A249500E04E38 /* PBXContainerItemProxy */ = {
			isa = PBXContainerItemProxy;
			containerPortal = 65706644272A249300E04E38 /* Project object */;
			proxyType = 1;
			remoteGlobalIDString = 6570664B272A249300E04E38;
			remoteInfo = Evidencia2;
		};
/* End PBXContainerItemProxy section */

/* Begin PBXFileReference section */
		6570664C272A249300E04E38 /* Evidencia2.app */ = {isa = PBXFileReference; explicitFileType = wrapper.application; includeInIndex = 0; path = Evidencia2.app; sourceTree = BUILT_PRODUCTS_DIR; };
		6570664F272A249300E04E38 /* AppDelegate.swift */ = {isa = PBXFileReference; lastKnownFileType = sourcecode.swift; path = AppDelegate.swift; sourceTree = "<group>"; };
		65706651272A249300E04E38 /* SceneDelegate.swift */ = {isa = PBXFileReference; lastKnownFileType = sourcecode.swift; path = SceneDelegate.swift; sourceTree = "<group>"; };
		65706653272A249300E04E38 /* ViewController.swift */ = {isa = PBXFileReference; lastKnownFileType = sourcecode.swift; path = ViewController.swift; sourceTree = "<group>"; };
		65706656272A249300E04E38 /* Base */ = {isa = PBXFileReference; lastKnownFileType = file.storyboard; name = Base; path = Base.lproj/Main.storyboard; sourceTree = "<group>"; };
		65706658272A249400E04E38 /* Assets.xcassets */ = {isa = PBXFileReference; lastKnownFileType = folder.assetcatalog; path = Assets.xcassets; sourceTree = "<group>"; };
		6570665B272A249400E04E38 /* Base */ = {isa = PBXFileReference; lastKnownFileType = file.storyboard; name = Base; path = Base.lproj/LaunchScreen.storyboard; sourceTree = "<group>"; };
		6570665D272A249400E04E38 /* Info.plist */ = {isa = PBXFileReference; lastKnownFileType = text.plist.xml; path = Info.plist; sourceTree = "<group>"; };
		65706662272A249500E04E38 /* Evidencia2Tests.xctest */ = {isa = PBXFileReference; explicitFileType = wrapper.cfbundle; includeInIndex = 0; path = Evidencia2Tests.xctest; sourceTree = BUILT_PRODUCTS_DIR; };
		65706666272A249500E04E38 /* Evidencia2Tests.swift */ = {isa = PBXFileReference; lastKnownFileType = sourcecode.swift; path = Evidencia2Tests.swift; sourceTree = "<group>"; };
		65706668272A249500E04E38 /* Info.plist */ = {isa = PBXFileReference; lastKnownFileType = text.plist.xml; path = Info.plist; sourceTree = "<group>"; };
		6570666D272A249500E04E38 /* Evidencia2UITests.xctest */ = {isa = PBXFileReference; explicitFileType = wrapper.cfbundle; includeInIndex = 0; path = Evidencia2UITests.xctest; sourceTree = BUILT_PRODUCTS_DIR; };
		65706671272A249500E04E38 /* Evidencia2UITests.swift */ = {isa = PBXFileReference; lastKnownFileType = sourcecode.swift; path = Evidencia2UITests.swift; sourceTree = "<group>"; };
		65706673272A249500E04E38 /* Info.plist */ = {isa = PBXFileReference; lastKnownFileType = text.plist.xml; path = Info.plist; sourceTree = "<group>"; };
/* End PBXFileReference section */

/* Begin PBXFrameworksBuildPhase section */
		65706649272A249300E04E38 /* Frameworks */ = {
			isa = PBXFrameworksBuildPhase;
			buildActionMask = 2147483647;
			files = (
			);
			runOnlyForDeploymentPostprocessing = 0;
		};
		6570665F272A249500E04E38 /* Frameworks */ = {
			isa = PBXFrameworksBuildPhase;
			buildActionMask = 2147483647;
			files = (
			);
			runOnlyForDeploymentPostprocessing = 0;
		};
		6570666A272A249500E04E38 /* Frameworks */ = {
			isa = PBXFrameworksBuildPhase;
			buildActionMask = 2147483647;
			files = (
			);
			runOnlyForDeploymentPostprocessing = 0;
		};
/* End PBXFrameworksBuildPhase section */

/* Begin PBXGroup section */
		65706643272A249300E04E38 = {
			isa = PBXGroup;
			children = (
				6570664E272A249300E04E38 /* Evidencia2 */,
				65706665272A249500E04E38 /* Evidencia2Tests */,
				65706670272A249500E04E38 /* Evidencia2UITests */,
				6570664D272A249300E04E38 /* Products */,
			);
			sourceTree = "<group>";
		};
		6570664D272A249300E04E38 /* Products */ = {
			isa = PBXGroup;
			children = (
				6570664C272A249300E04E38 /* Evidencia2.app */,
				65706662272A249500E04E38 /* Evidencia2Tests.xctest */,
				6570666D272A249500E04E38 /* Evidencia2UITests.xctest */,
			);
			name = Products;
			sourceTree = "<group>";
		};
		6570664E272A249300E04E38 /* Evidencia2 */ = {
			isa = PBXGroup;
			children = (
				6570664F272A249300E04E38 /* AppDelegate.swift */,
				65706651272A249300E04E38 /* SceneDelegate.swift */,
				65706653272A249300E04E38 /* ViewController.swift */,
				65706655272A249300E04E38 /* Main.storyboard */,
				65706658272A249400E04E38 /* Assets.xcassets */,
				6570665A272A249400E04E38 /* LaunchScreen.storyboard */,
				6570665D272A249400E04E38 /* Info.plist */,
			);
			path = Evidencia2;
			sourceTree = "<group>";
		};
		65706665272A249500E04E38 /* Evidencia2Tests */ = {
			isa = PBXGroup;
			children = (
				65706666272A249500E04E38 /* Evidencia2Tests.swift */,
				65706668272A249500E04E38 /* Info.plist */,
			);
			path = Evidencia2Tests;
			sourceTree = "<group>";
		};
		65706670272A249500E04E38 /* Evidencia2UITests */ = {
			isa = PBXGroup;
			children = (
				65706671272A249500E04E38 /* Evidencia2UITests.swift */,
				65706673272A249500E04E38 /* Info.plist */,
			);
			path = Evidencia2UITests;
			sourceTree = "<group>";
		};
/* End PBXGroup section */

/* Begin PBXNativeTarget section */
		6570664B272A249300E04E38 /* Evidencia2 */ = {
			isa = PBXNativeTarget;
			buildConfigurationList = 65706676272A249500E04E38 /* Build configuration list for PBXNativeTarget "Evidencia2" */;
			buildPhases = (
				65706648272A249300E04E38 /* Sources */,
				65706649272A249300E04E38 /* Frameworks */,
				6570664A272A249300E04E38 /* Resources */,
			);
			buildRules = (
			);
			dependencies = (
			);
			name = Evidencia2;
			productName = Evidencia2;
			productReference = 6570664C272A249300E04E38 /* Evidencia2.app */;
			productType = "com.apple.product-type.application";
		};
		65706661272A249500E04E38 /* Evidencia2Tests */ = {
			isa = PBXNativeTarget;
			buildConfigurationList = 65706679272A249500E04E38 /* Build configuration list for PBXNativeTarget "Evidencia2Tests" */;
			buildPhases = (
				6570665E272A249500E04E38 /* Sources */,
				6570665F272A249500E04E38 /* Frameworks */,
				65706660272A249500E04E38 /* Resources */,
			);
			buildRules = (
			);
			dependencies = (
				65706664272A249500E04E38 /* PBXTargetDependency */,
			);
			name = Evidencia2Tests;
			productName = Evidencia2Tests;
			productReference = 65706662272A249500E04E38 /* Evidencia2Tests.xctest */;
			productType = "com.apple.product-type.bundle.unit-test";
		};
		6570666C272A249500E04E38 /* Evidencia2UITests */ = {
			isa = PBXNativeTarget;
			buildConfigurationList = 6570667C272A249500E04E38 /* Build configuration list for PBXNativeTarget "Evidencia2UITests" */;
			buildPhases = (
				65706669272A249500E04E38 /* Sources */,
				6570666A272A249500E04E38 /* Frameworks */,
				6570666B272A249500E04E38 /* Resources */,
			);
			buildRules = (
			);
			dependencies = (
				6570666F272A249500E04E38 /* PBXTargetDependency */,
			);
			name = Evidencia2UITests;
			productName = Evidencia2UITests;
			productReference = 6570666D272A249500E04E38 /* Evidencia2UITests.xctest */;
			productType = "com.apple.product-type.bundle.ui-testing";
		};
/* End PBXNativeTarget section */

/* Begin PBXProject section */
		65706644272A249300E04E38 /* Project object */ = {
			isa = PBXProject;
			attributes = {
				LastSwiftUpdateCheck = 1130;
				LastUpgradeCheck = 1130;
				ORGANIZATIONNAME = user190611;
				TargetAttributes = {
					6570664B272A249300E04E38 = {
						CreatedOnToolsVersion = 11.3.1;
					};
					65706661272A249500E04E38 = {
						CreatedOnToolsVersion = 11.3.1;
						TestTargetID = 6570664B272A249300E04E38;
					};
					6570666C272A249500E04E38 = {
						CreatedOnToolsVersion = 11.3.1;
						TestTargetID = 6570664B272A249300E04E38;
					};
				};
			};
			buildConfigurationList = 65706647272A249300E04E38 /* Build configuration list for PBXProject "Evidencia2" */;
			compatibilityVersion = "Xcode 9.3";
			developmentRegion = en;
			hasScannedForEncodings = 0;
			knownRegions = (
				en,
				Base,
			);
			mainGroup = 65706643272A249300E04E38;
			productRefGroup = 6570664D272A249300E04E38 /* Products */;
			projectDirPath = "";
			projectRoot = "";
			targets = (
				6570664B272A249300E04E38 /* Evidencia2 */,
				65706661272A249500E04E38 /* Evidencia2Tests */,
				6570666C272A249500E04E38 /* Evidencia2UITests */,
			);
		};
/* End PBXProject section */

/* Begin PBXResourcesBuildPhase section */
		6570664A272A249300E04E38 /* Resources */ = {
			isa = PBXResourcesBuildPhase;
			buildActionMask = 2147483647;
			files = (
				6570665C272A249400E04E38 /* LaunchScreen.storyboard in Resources */,
				65706659272A249400E04E38 /* Assets.xcassets in Resources */,
				65706657272A249300E04E38 /* Main.storyboard in Resources */,
			);
			runOnlyForDeploymentPostprocessing = 0;
		};
		65706660272A249500E04E38 /* Resources */ = {
			isa = PBXResourcesBuildPhase;
			buildActionMask = 2147483647;
			files = (
			);
			runOnlyForDeploymentPostprocessing = 0;
		};
		6570666B272A249500E04E38 /* Resources */ = {
			isa = PBXResourcesBuildPhase;
			buildActionMask = 2147483647;
			files = (
			);
			runOnlyForDeploymentPostprocessing = 0;
		};
/* End PBXResourcesBuildPhase section */

/* Begin PBXSourcesBuildPhase section */
		65706648272A249300E04E38 /* Sources */ = {
			isa = PBXSourcesBuildPhase;
			buildActionMask = 2147483647;
			files = (
				65706654272A249300E04E38 /* ViewController.swift in Sources */,
				65706650272A249300E04E38 /* AppDelegate.swift in Sources */,
				65706652272A249300E04E38 /* SceneDelegate.swift in Sources */,
			);
			runOnlyForDeploymentPostprocessing = 0;
		};
		6570665E272A249500E04E38 /* Sources */ = {
			isa = PBXSourcesBuildPhase;
			buildActionMask = 2147483647;
			files = (
				65706667272A249500E04E38 /* Evidencia2Tests.swift in Sources */,
			);
			runOnlyForDeploymentPostprocessing = 0;
		};
		65706669272A249500E04E38 /* Sources */ = {
			isa = PBXSourcesBuildPhase;
			buildActionMask = 2147483647;
			files = (
				65706672272A249500E04E38 /* Evidencia2UITests.swift in Sources */,
			);
			runOnlyForDeploymentPostprocessing = 0;
		};
/* End PBXSourcesBuildPhase section */

/* Begin PBXTargetDependency section */
		65706664272A249500E04E38 /* PBXTargetDependency */ = {
			isa = PBXTargetDependency;
			target = 6570664B272A249300E04E38 /* Evidencia2 */;
			targetProxy = 65706663272A249500E04E38 /* PBXContainerItemProxy */;
		};
		6570666F272A249500E04E38 /* PBXTargetDependency */ = {
			isa = PBXTargetDependency;
			target = 6570664B272A249300E04E38 /* Evidencia2 */;
			targetProxy = 6570666E272A249500E04E38 /* PBXContainerItemProxy */;
		};
/* End PBXTargetDependency section */

/* Begin PBXVariantGroup section */
		65706655272A249300E04E38 /* Main.storyboard */ = {
			isa = PBXVariantGroup;
			children = (
				65706656272A249300E04E38 /* Base */,
			);
			name = Main.storyboard;
			sourceTree = "<group>";
		};
		6570665A272A249400E04E38 /* LaunchScreen.storyboard */ = {
			isa = PBXVariantGroup;
			children = (
				6570665B272A249400E04E38 /* Base */,
			);
			name = LaunchScreen.storyboard;
			sourceTree = "<group>";
		};
/* End PBXVariantGroup section */

/* Begin XCBuildConfiguration section */
		65706674272A249500E04E38 /* Debug */ = {
			isa = XCBuildConfiguration;
			buildSettings = {
				ALWAYS_SEARCH_USER_PATHS = NO;
				CLANG_ANALYZER_NONNULL = YES;
				CLANG_ANALYZER_NUMBER_OBJECT_CONVERSION = YES_AGGRESSIVE;
				CLANG_CXX_LANGUAGE_STANDARD = "gnu++14";
				CLANG_CXX_LIBRARY = "libc++";
				CLANG_ENABLE_MODULES = YES;
				CLANG_ENABLE_OBJC_ARC = YES;
				CLANG_ENABLE_OBJC_WEAK = YES;
				CLANG_WARN_BLOCK_CAPTURE_AUTORELEASING = YES;
				CLANG_WARN_BOOL_CONVERSION = YES;
				CLANG_WARN_COMMA = YES;
				CLANG_WARN_CONSTANT_CONVERSION = YES;
				CLANG_WARN_DEPRECATED_OBJC_IMPLEMENTATIONS = YES;
				CLANG_WARN_DIRECT_OBJC_ISA_USAGE = YES_ERROR;
				CLANG_WARN_DOCUMENTATION_COMMENTS = YES;
				CLANG_WARN_EMPTY_BODY = YES;
				CLANG_WARN_ENUM_CONVERSION = YES;
				CLANG_WARN_INFINITE_RECURSION = YES;
				CLANG_WARN_INT_CONVERSION = YES;
				CLANG_WARN_NON_LITERAL_NULL_CONVERSION = YES;
				CLANG_WARN_OBJC_IMPLICIT_RETAIN_SELF = YES;
				CLANG_WARN_OBJC_LITERAL_CONVERSION = YES;
				CLANG_WARN_OBJC_ROOT_CLASS = YES_ERROR;
				CLANG_WARN_RANGE_LOOP_ANALYSIS = YES;
				CLANG_WARN_STRICT_PROTOTYPES = YES;
				CLANG_WARN_SUSPICIOUS_MOVE = YES;
				CLANG_WARN_UNGUARDED_AVAILABILITY = YES_AGGRESSIVE;
				CLANG_WARN_UNREACHABLE_CODE = YES;
				CLANG_WARN__DUPLICATE_METHOD_MATCH = YES;
				COPY_PHASE_STRIP = NO;
				DEBUG_INFORMATION_FORMAT = dwarf;
				ENABLE_STRICT_OBJC_MSGSEND = YES;
				ENABLE_TESTABILITY = YES;
				GCC_C_LANGUAGE_STANDARD = gnu11;
				GCC_DYNAMIC_NO_PIC = NO;
				GCC_NO_COMMON_BLOCKS = YES;
				GCC_OPTIMIZATION_LEVEL = 0;
				GCC_PREPROCESSOR_DEFINITIONS = (
					"DEBUG=1",
					"$(inherited)",
				);
				GCC_WARN_64_TO_32_BIT_CONVERSION = YES;
				GCC_WARN_ABOUT_RETURN_TYPE = YES_ERROR;
				GCC_WARN_UNDECLARED_SELECTOR = YES;
				GCC_WARN_UNINITIALIZED_AUTOS = YES_AGGRESSIVE;
				GCC_WARN_UNUSED_FUNCTION = YES;
				GCC_WARN_UNUSED_VARIABLE = YES;
				IPHONEOS_DEPLOYMENT_TARGET = 13.2;
				MTL_ENABLE_DEBUG_INFO = INCLUDE_SOURCE;
				MTL_FAST_MATH = YES;
				ONLY_ACTIVE_ARCH = YES;
				SDKROOT = iphoneos;
				SWIFT_ACTIVE_COMPILATION_CONDITIONS = DEBUG;
				SWIFT_OPTIMIZATION_LEVEL = "-Onone";
			};
			name = Debug;
		};
		65706675272A249500E04E38 /* Release */ = {
			isa = XCBuildConfiguration;
			buildSettings = {
				ALWAYS_SEARCH_USER_PATHS = NO;
				CLANG_ANALYZER_NONNULL = YES;
				CLANG_ANALYZER_NUMBER_OBJECT_CONVERSION = YES_AGGRESSIVE;
				CLANG_CXX_LANGUAGE_STANDARD = "gnu++14";
				CLANG_CXX_LIBRARY = "libc++";
				CLANG_ENABLE_MODULES = YES;
				CLANG_ENABLE_OBJC_ARC = YES;
				CLANG_ENABLE_OBJC_WEAK = YES;
				CLANG_WARN_BLOCK_CAPTURE_AUTORELEASING = YES;
				CLANG_WARN_BOOL_CONVERSION = YES;
				CLANG_WARN_COMMA = YES;
				CLANG_WARN_CONSTANT_CONVERSION = YES;
				CLANG_WARN_DEPRECATED_OBJC_IMPLEMENTATIONS = YES;
				CLANG_WARN_DIRECT_OBJC_ISA_USAGE = YES_ERROR;
				CLANG_WARN_DOCUMENTATION_COMMENTS = YES;
				CLANG_WARN_EMPTY_BODY = YES;
				CLANG_WARN_ENUM_CONVERSION = YES;
				CLANG_WARN_INFINITE_RECURSION = YES;
				CLANG_WARN_INT_CONVERSION = YES;
				CLANG_WARN_NON_LITERAL_NULL_CONVERSION = YES;
				CLANG_WARN_OBJC_IMPLICIT_RETAIN_SELF = YES;
				CLANG_WARN_OBJC_LITERAL_CONVERSION = YES;
				CLANG_WARN_OBJC_ROOT_CLASS = YES_ERROR;
				CLANG_WARN_RANGE_LOOP_ANALYSIS = YES;
				CLANG_WARN_STRICT_PROTOTYPES = YES;
				CLANG_WARN_SUSPICIOUS_MOVE = YES;
				CLANG_WARN_UNGUARDED_AVAILABILITY = YES_AGGRESSIVE;
				CLANG_WARN_UNREACHABLE_CODE = YES;
				CLANG_WARN__DUPLICATE_METHOD_MATCH = YES;
				COPY_PHASE_STRIP = NO;
				DEBUG_INFORMATION_FORMAT = "dwarf-with-dsym";
				ENABLE_NS_ASSERTIONS = NO;
				ENABLE_STRICT_OBJC_MSGSEND = YES;
				GCC_C_LANGUAGE_STANDARD = gnu11;
				GCC_NO_COMMON_BLOCKS = YES;
				GCC_WARN_64_TO_32_BIT_CONVERSION = YES;
				GCC_WARN_ABOUT_RETURN_TYPE = YES_ERROR;
				GCC_WARN_UNDECLARED_SELECTOR = YES;
				GCC_WARN_UNINITIALIZED_AUTOS = YES_AGGRESSIVE;
				GCC_WARN_UNUSED_FUNCTION = YES;
				GCC_WARN_UNUSED_VARIABLE = YES;
				IPHONEOS_DEPLOYMENT_TARGET = 13.2;
				MTL_ENABLE_DEBUG_INFO = NO;
				MTL_FAST_MATH = YES;
				SDKROOT = iphoneos;
				SWIFT_COMPILATION_MODE = wholemodule;
				SWIFT_OPTIMIZATION_LEVEL = "-O";
				VALIDATE_PRODUCT = YES;
			};
			name = Release;
		};
		65706677272A249500E04E38 /* Debug */ = {
			isa = XCBuildConfiguration;
			buildSettings = {
				ASSETCATALOG_COMPILER_APPICON_NAME = AppIcon;
				CODE_SIGN_STYLE = Automatic;
				INFOPLIST_FILE = Evidencia2/Info.plist;
				LD_RUNPATH_SEARCH_PATHS = (
					"$(inherited)",
					"@executable_path/Frameworks",
				);
				PRODUCT_BUNDLE_IDENTIFIER = tecmilenio.Evidencia2;
				PRODUCT_NAME = "$(TARGET_NAME)";
				SWIFT_VERSION = 5.0;
				TARGETED_DEVICE_FAMILY = "1,2";
			};
			name = Debug;
		};
		65706678272A249500E04E38 /* Release */ = {
			isa = XCBuildConfiguration;
			buildSettings = {
				ASSETCATALOG_COMPILER_APPICON_NAME = AppIcon;
				CODE_SIGN_STYLE = Automatic;
				INFOPLIST_FILE = Evidencia2/Info.plist;
				LD_RUNPATH_SEARCH_PATHS = (
					"$(inherited)",
					"@executable_path/Frameworks",
				);
				PRODUCT_BUNDLE_IDENTIFIER = tecmilenio.Evidencia2;
				PRODUCT_NAME = "$(TARGET_NAME)";
				SWIFT_VERSION = 5.0;
				TARGETED_DEVICE_FAMILY = "1,2";
			};
			name = Release;
		};
		6570667A272A249500E04E38 /* Debug */ = {
			isa = XCBuildConfiguration;
			buildSettings = {
				ALWAYS_EMBED_SWIFT_STANDARD_LIBRARIES = YES;
				BUNDLE_LOADER = "$(TEST_HOST)";
				CODE_SIGN_STYLE = Automatic;
				INFOPLIST_FILE = Evidencia2Tests/Info.plist;
				IPHONEOS_DEPLOYMENT_TARGET = 13.2;
				LD_RUNPATH_SEARCH_PATHS = (
					"$(inherited)",
					"@executable_path/Frameworks",
					"@loader_path/Frameworks",
				);
				PRODUCT_BUNDLE_IDENTIFIER = tecmilenio.Evidencia2Tests;
				PRODUCT_NAME = "$(TARGET_NAME)";
				SWIFT_VERSION = 5.0;
				TARGETED_DEVICE_FAMILY = "1,2";
				TEST_HOST = "$(BUILT_PRODUCTS_DIR)/Evidencia2.app/Evidencia2";
			};
			name = Debug;
		};
		6570667B272A249500E04E38 /* Release */ = {
			isa = XCBuildConfiguration;
			buildSettings = {
				ALWAYS_EMBED_SWIFT_STANDARD_LIBRARIES = YES;
				BUNDLE_LOADER = "$(TEST_HOST)";
				CODE_SIGN_STYLE = Automatic;
				INFOPLIST_FILE = Evidencia2Tests/Info.plist;
				IPHONEOS_DEPLOYMENT_TARGET = 13.2;
				LD_RUNPATH_SEARCH_PATHS = (
					"$(inherited)",
					"@executable_path/Frameworks",
					"@loader_path/Frameworks",
				);
				PRODUCT_BUNDLE_IDENTIFIER = tecmilenio.Evidencia2Tests;
				PRODUCT_NAME = "$(TARGET_NAME)";
				SWIFT_VERSION = 5.0;
				TARGETED_DEVICE_FAMILY = "1,2";
				TEST_HOST = "$(BUILT_PRODUCTS_DIR)/Evidencia2.app/Evidencia2";
			};
			name = Release;
		};
		6570667D272A249500E04E38 /* Debug */ = {
			isa = XCBuildConfiguration;
			buildSettings = {
				ALWAYS_EMBED_SWIFT_STANDARD_LIBRARIES = YES;
				CODE_SIGN_STYLE = Automatic;
				INFOPLIST_FILE = Evidencia2UITests/Info.plist;
				LD_RUNPATH_SEARCH_PATHS = (
					"$(inherited)",
					"@executable_path/Frameworks",
					"@loader_path/Frameworks",
				);
				PRODUCT_BUNDLE_IDENTIFIER = tecmilenio.Evidencia2UITests;
				PRODUCT_NAME = "$(TARGET_NAME)";
				SWIFT_VERSION = 5.0;
				TARGETED_DEVICE_FAMILY = "1,2";
				TEST_TARGET_NAME = Evidencia2;
			};
			name = Debug;
		};
		6570667E272A249500E04E38 /* Release */ = {
			isa = XCBuildConfiguration;
			buildSettings = {
				ALWAYS_EMBED_SWIFT_STANDARD_LIBRARIES = YES;
				CODE_SIGN_STYLE = Automatic;
				INFOPLIST_FILE = Evidencia2UITests/Info.plist;
				LD_RUNPATH_SEARCH_PATHS = (
					"$(inherited)",
					"@executable_path/Frameworks",
					"@loader_path/Frameworks",
				);
				PRODUCT_BUNDLE_IDENTIFIER = tecmilenio.Evidencia2UITests;
				PRODUCT_NAME = "$(TARGET_NAME)";
				SWIFT_VERSION = 5.0;
				TARGETED_DEVICE_FAMILY = "1,2";
				TEST_TARGET_NAME = Evidencia2;
			};
			name = Release;
		};
/* End XCBuildConfiguration section */

/* Begin XCConfigurationList section */
		65706647272A249300E04E38 /* Build configuration list for PBXProject "Evidencia2" */ = {
			isa = XCConfigurationList;
			buildConfigurations = (
				65706674272A249500E04E38 /* Debug */,
				65706675272A249500E04E38 /* Release */,
			);
			defaultConfigurationIsVisible = 0;
			defaultConfigurationName = Release;
		};
		65706676272A249500E04E38 /* Build configuration list for PBXNativeTarget "Evidencia2" */ = {
			isa = XCConfigurationList;
			buildConfigurations = (
				65706677272A249500E04E38 /* Debug */,
				65706678272A249500E04E38 /* Release */,
			);
			defaultConfigurationIsVisible = 0;
			defaultConfigurationName = Release;
		};
		65706679272A249500E04E38 /* Build configuration list for PBXNativeTarget "Evidencia2Tests" */ = {
			isa = XCConfigurationList;
			buildConfigurations = (
				6570667A272A249500E04E38 /* Debug */,
				6570667B272A249500E04E38 /* Release */,
			);
			defaultConfigurationIsVisible = 0;
			defaultConfigurationName = Release;
		};
		6570667C272A249500E04E38 /* Build configuration list for PBXNativeTarget "Evidencia2UITests" */ = {
			isa = XCConfigurationList;
			buildConfigurations = (
				6570667D272A249500E04E38 /* Debug */,
				6570667E272A249500E04E38 /* Release */,
			);
			defaultConfigurationIsVisible = 0;
			defaultConfigurationName = Release;
		};
/* End XCConfigurationList section */
	};
	rootObject = 65706644272A249300E04E38 /* Project object */;
}
